// !$*UTF8*$!
{
	"archiveVersion" = 1;
	"classes" = {
	};
	"objectVersion" = 56;
	"objects" = {
		"E7B47918FDED853AF263CECA" = {
			"isa" = "PBXFileReference";
			"lastKnownFileType" = "sourcecode.swift";
			"path" = "DailyRhythm/App/AddHabitView.swift";
			"sourceTree" = "<group>";
		};
		"C1809F641ADF972B5E7AAA1C" = {
			"isa" = "PBXFileReference";
			"lastKnownFileType" = "sourcecode.swift";
			"path" = "DailyRhythm/App/AppModel.swift";
			"sourceTree" = "<group>";
		};
		"46DE3E1D92EDD51CE7D02F7D" = {
			"isa" = "PBXFileReference";
			"lastKnownFileType" = "sourcecode.swift";
			"path" = "DailyRhythm/App/DailyRhythmApp.swift";
			"sourceTree" = "<group>";
		};
		"0FCED9FB4E2CA2BA1A82C715" = {
			"isa" = "PBXFileReference";
			"lastKnownFileType" = "sourcecode.swift";
			"path" = "DailyRhythm/App/EditHabitViews.swift";
			"sourceTree" = "<group>";
		};
		"9CF4C7E4D26ABEC781A4A6D5" = {
			"isa" = "PBXFileReference";
			"lastKnownFileType" = "sourcecode.swift";
			"path" = "DailyRhythm/App/HabitDetailView.swift";
			"sourceTree" = "<group>";
		};
		"A148F626F8925E4C4DCF6209" = {
			"isa" = "PBXFileReference";
			"lastKnownFileType" = "sourcecode.swift";
			"path" = "DailyRhythm/App/HabitFormFields.swift";
			"sourceTree" = "<group>";
		};
		"364DA79B087F95EB95EF663B" = {
			"isa" = "PBXFileReference";
			"lastKnownFileType" = "sourcecode.swift";
			"path" = "DailyRhythm/App/HabitsView.swift";
			"sourceTree" = "<group>";
		};
		"CDD844629F73EDDB8CBA552B" = {
			"isa" = "PBXFileReference";
			"lastKnownFileType" = "sourcecode.swift";
			"path" = "DailyRhythm/App/HistoryView.swift";
			"sourceTree" = "<group>";
		};
		"0393699B7688D3A4D0A4D7CD" = {
			"isa" = "PBXFileReference";
			"lastKnownFileType" = "sourcecode.swift";
			"path" = "DailyRhythm/App/OnboardingPreferences.swift";
			"sourceTree" = "<group>";
		};
		"F33532D8794106084FA90CF7" = {
			"isa" = "PBXFileReference";
			"lastKnownFileType" = "sourcecode.swift";
			"path" = "DailyRhythm/App/OnboardingView.swift";
			"sourceTree" = "<group>";
		};
		"A7DA5C6FDDB37A7628EC27C4" = {
			"isa" = "PBXFileReference";
			"lastKnownFileType" = "sourcecode.swift";
			"path" = "DailyRhythm/App/ReminderSchemaIndex.swift";
			"sourceTree" = "<group>";
		};
		"553D21358C2000E7D2D8CBD3" = {
			"isa" = "PBXFileReference";
			"lastKnownFileType" = "sourcecode.swift";
			"path" = "DailyRhythm/App/ReminderSchemaSmoke.swift";
			"sourceTree" = "<group>";
		};
		"2F96191F43AE56B6881F8A46" = {
			"isa" = "PBXFileReference";
			"lastKnownFileType" = "sourcecode.swift";
			"path" = "DailyRhythm/App/ReminderSchemaSpike.swift";
			"sourceTree" = "<group>";
		};
		"FBF7983180D06C9418762A45" = {
			"isa" = "PBXFileReference";
			"lastKnownFileType" = "sourcecode.swift";
			"path" = "DailyRhythm/App/SetupHelpView.swift";
			"sourceTree" = "<group>";
		};
		"2ADE4CB8490B32FBE41F0C94" = {
			"isa" = "PBXFileReference";
			"lastKnownFileType" = "sourcecode.swift";
			"path" = "DailyRhythm/App/Theme.swift";
			"sourceTree" = "<group>";
		};
		"C3F3F21CA5F01B2FBC89EE1C" = {
			"isa" = "PBXFileReference";
			"lastKnownFileType" = "sourcecode.swift";
			"path" = "DailyRhythm/App/TodayView.swift";
			"sourceTree" = "<group>";
		};
		"2E9EF5971B9C89D2F35705D4" = {
			"isa" = "PBXFileReference";
			"lastKnownFileType" = "sourcecode.swift";
			"path" = "DailyRhythm/Shared/RhythmControlIntents.swift";
			"sourceTree" = "<group>";
		};
		"CCE1CF5021FE22EC88EFF875" = {
			"isa" = "PBXFileReference";
			"lastKnownFileType" = "sourcecode.swift";
			"path" = "DailyRhythm/Shared/RhythmIntents.swift";
			"sourceTree" = "<group>";
		};
		"E690C7E94419F4BCE76FD5AA" = {
			"isa" = "PBXFileReference";
			"lastKnownFileType" = "sourcecode.swift";
			"path" = "DailyRhythm/Shared/RhythmOccurrenceEntity.swift";
			"sourceTree" = "<group>";
		};
		"CD8DDFE7AA5D742A41201473" = {
			"isa" = "PBXFileReference";
			"lastKnownFileType" = "sourcecode.swift";
			"path" = "DailyRhythm/Shared/RhythmShortcuts.swift";
			"sourceTree" = "<group>";
		};
		"6CC10E2E896DBD4EFB6D1545" = {
			"isa" = "PBXFileReference";
			"lastKnownFileType" = "sourcecode.swift";
			"path" = "DailyRhythm/Shared/SharedRoutineStore.swift";
			"sourceTree" = "<group>";
		};
		"A3849D3F517159EEAE7F5C65" = {
			"isa" = "PBXFileReference";
			"lastKnownFileType" = "sourcecode.swift";
			"path" = "DailyRhythmSchemaTests/SchemaDispatchTests.swift";
			"sourceTree" = "<group>";
		};
		"10FA34F021C4DAE3C018E3F7" = {
			"isa" = "PBXFileReference";
			"lastKnownFileType" = "sourcecode.swift";
			"path" = "DailyRhythmWidgets/DailyRhythmWidgets.swift";
			"sourceTree" = "<group>";
		};
		"04C8B4C0515FB7E7C907B3AF" = {
			"isa" = "PBXFileReference";
			"lastKnownFileType" = "sourcecode.swift";
			"path" = "DailyRhythmWidgets/RhythmControls.swift";
			"sourceTree" = "<group>";
		};
		"730238439602493911E6A54F" = {
			"isa" = "PBXFileReference";
			"lastKnownFileType" = "text.xml";
			"path" = "DailyRhythm/Resources/PrivacyInfo.xcprivacy";
			"sourceTree" = "<group>";
		};
		"B6CDB6E5D160E013280D3C68" = {
			"isa" = "PBXFileReference";
			"explicitFileType" = "wrapper.application";
			"includeInIndex" = 0;
			"path" = "DailyRhythm.app";
			"sourceTree" = "BUILT_PRODUCTS_DIR";
		};
		"4C47665D1BA4105DF9684DC4" = {
			"isa" = "PBXFileReference";
			"explicitFileType" = "wrapper.app-extension";
			"includeInIndex" = 0;
			"path" = "DailyRhythmWidgets.appex";
			"sourceTree" = "BUILT_PRODUCTS_DIR";
		};
		"3BC8C52A4BF6E7EF5795BDA8" = {
			"isa" = "PBXFileReference";
			"explicitFileType" = "wrapper.cfbundle";
			"includeInIndex" = 0;
			"path" = "DailyRhythmSchemaTests.xctest";
			"sourceTree" = "BUILT_PRODUCTS_DIR";
		};
		"00C45FD35CB0F9C5F764F070" = {
			"isa" = "PBXGroup";
			"children" = (
				"B6CDB6E5D160E013280D3C68",
				"4C47665D1BA4105DF9684DC4",
				"3BC8C52A4BF6E7EF5795BDA8",
			);
			"name" = "Products";
			"sourceTree" = "<group>";
		};
		"ADCF10F76EBF2A74473E9DC4" = {
			"isa" = "PBXGroup";
			"children" = (
				"E7B47918FDED853AF263CECA",
				"C1809F641ADF972B5E7AAA1C",
				"46DE3E1D92EDD51CE7D02F7D",
				"0FCED9FB4E2CA2BA1A82C715",
				"9CF4C7E4D26ABEC781A4A6D5",
				"A148F626F8925E4C4DCF6209",
				"364DA79B087F95EB95EF663B",
				"CDD844629F73EDDB8CBA552B",
				"0393699B7688D3A4D0A4D7CD",
				"F33532D8794106084FA90CF7",
				"A7DA5C6FDDB37A7628EC27C4",
				"553D21358C2000E7D2D8CBD3",
				"2F96191F43AE56B6881F8A46",
				"FBF7983180D06C9418762A45",
				"2ADE4CB8490B32FBE41F0C94",
				"C3F3F21CA5F01B2FBC89EE1C",
				"2E9EF5971B9C89D2F35705D4",
				"CCE1CF5021FE22EC88EFF875",
				"E690C7E94419F4BCE76FD5AA",
				"CD8DDFE7AA5D742A41201473",
				"6CC10E2E896DBD4EFB6D1545",
				"A3849D3F517159EEAE7F5C65",
				"10FA34F021C4DAE3C018E3F7",
				"04C8B4C0515FB7E7C907B3AF",
				"730238439602493911E6A54F",
				"00C45FD35CB0F9C5F764F070",
			);
			"sourceTree" = "<group>";
		};
		"E1823BFFAEB4E505466451C6" = {
			"isa" = "XCLocalSwiftPackageReference";
			"relativePath" = "Packages/DailyRhythmCore";
		};
		"877A6BA951A2EA0025A2ABE8" = {
			"isa" = "XCBuildConfiguration";
			"buildSettings" = {
				"APP_GROUP_IDENTIFIER" = "group.com.lumetechllc.DailyRhythm";
				"CLANG_ENABLE_MODULES" = "YES";
				"CLANG_ENABLE_OBJC_WEAK" = "YES";
				"CLANG_WARN_BLOCK_CAPTURE_AUTORELEASING" = "YES";
				"CLANG_WARN_BOOL_CONVERSION" = "YES";
				"CLANG_WARN_COMMA" = "YES";
				"CLANG_WARN_CONSTANT_CONVERSION" = "YES";
				"CLANG_WARN_DEPRECATED_OBJC_IMPLEMENTATIONS" = "YES";
				"CLANG_WARN_EMPTY_BODY" = "YES";
				"CLANG_WARN_ENUM_CONVERSION" = "YES";
				"CLANG_WARN_INFINITE_RECURSION" = "YES";
				"CLANG_WARN_INT_CONVERSION" = "YES";
				"CLANG_WARN_NON_LITERAL_NULL_CONVERSION" = "YES";
				"CLANG_WARN_OBJC_IMPLICIT_RETAIN_SELF" = "YES";
				"CLANG_WARN_OBJC_LITERAL_CONVERSION" = "YES";
				"CLANG_WARN_QUOTED_INCLUDE_IN_FRAMEWORK_HEADER" = "YES";
				"CLANG_WARN_RANGE_LOOP_ANALYSIS" = "YES";
				"CLANG_WARN_STRICT_PROTOTYPES" = "YES";
				"CLANG_WARN_SUSPICIOUS_MOVE" = "YES";
				"CLANG_WARN_UNREACHABLE_CODE" = "YES";
				"CLANG_WARN__DUPLICATE_METHOD_MATCH" = "YES";
				"CODE_SIGN_STYLE" = "Automatic";
				"CURRENT_PROJECT_VERSION" = "1";
				"IPHONEOS_DEPLOYMENT_TARGET" = "18.0";
				"MARKETING_VERSION" = "0.1.0";
				"SDKROOT" = "iphoneos";
				"SWIFT_VERSION" = "6.0";
				"SWIFT_STRICT_CONCURRENCY" = "complete";
				"TARGETED_DEVICE_FAMILY" = "1,2";
				"ENABLE_USER_SCRIPT_SANDBOXING" = "YES";
				"ENABLE_STRICT_OBJC_MSGSEND" = "YES";
				"GCC_NO_COMMON_BLOCKS" = "YES";
				"GCC_WARN_64_TO_32_BIT_CONVERSION" = "YES";
				"GCC_WARN_ABOUT_RETURN_TYPE" = "YES";
				"GCC_WARN_UNDECLARED_SELECTOR" = "YES";
				"GCC_WARN_UNINITIALIZED_AUTOS" = "YES";
				"GCC_WARN_UNUSED_FUNCTION" = "YES";
				"GCC_WARN_UNUSED_VARIABLE" = "YES";
				"STRING_CATALOG_GENERATE_SYMBOLS" = "YES";
				"SWIFT_OPTIMIZATION_LEVEL" = "-Onone";
				"DEBUG_INFORMATION_FORMAT" = "dwarf";
				"ONLY_ACTIVE_ARCH" = "YES";
				"SWIFT_ACTIVE_COMPILATION_CONDITIONS" = "$(inherited) DEBUG";
				"ENABLE_TESTABILITY" = "YES";
			};
			"name" = "Debug";
		};
		"959134B361DD7E21ADEA3164" = {
			"isa" = "XCBuildConfiguration";
			"buildSettings" = {
				"APP_GROUP_IDENTIFIER" = "group.com.lumetechllc.DailyRhythm";
				"CLANG_ENABLE_MODULES" = "YES";
				"CLANG_ENABLE_OBJC_WEAK" = "YES";
				"CLANG_WARN_BLOCK_CAPTURE_AUTORELEASING" = "YES";
				"CLANG_WARN_BOOL_CONVERSION" = "YES";
				"CLANG_WARN_COMMA" = "YES";
				"CLANG_WARN_CONSTANT_CONVERSION" = "YES";
				"CLANG_WARN_DEPRECATED_OBJC_IMPLEMENTATIONS" = "YES";
				"CLANG_WARN_EMPTY_BODY" = "YES";
				"CLANG_WARN_ENUM_CONVERSION" = "YES";
				"CLANG_WARN_INFINITE_RECURSION" = "YES";
				"CLANG_WARN_INT_CONVERSION" = "YES";
				"CLANG_WARN_NON_LITERAL_NULL_CONVERSION" = "YES";
				"CLANG_WARN_OBJC_IMPLICIT_RETAIN_SELF" = "YES";
				"CLANG_WARN_OBJC_LITERAL_CONVERSION" = "YES";
				"CLANG_WARN_QUOTED_INCLUDE_IN_FRAMEWORK_HEADER" = "YES";
				"CLANG_WARN_RANGE_LOOP_ANALYSIS" = "YES";
				"CLANG_WARN_STRICT_PROTOTYPES" = "YES";
				"CLANG_WARN_SUSPICIOUS_MOVE" = "YES";
				"CLANG_WARN_UNREACHABLE_CODE" = "YES";
				"CLANG_WARN__DUPLICATE_METHOD_MATCH" = "YES";
				"CODE_SIGN_STYLE" = "Automatic";
				"CURRENT_PROJECT_VERSION" = "1";
				"IPHONEOS_DEPLOYMENT_TARGET" = "18.0";
				"MARKETING_VERSION" = "0.1.0";
				"SDKROOT" = "iphoneos";
				"SWIFT_VERSION" = "6.0";
				"SWIFT_STRICT_CONCURRENCY" = "complete";
				"TARGETED_DEVICE_FAMILY" = "1,2";
				"ENABLE_USER_SCRIPT_SANDBOXING" = "YES";
				"ENABLE_STRICT_OBJC_MSGSEND" = "YES";
				"GCC_NO_COMMON_BLOCKS" = "YES";
				"GCC_WARN_64_TO_32_BIT_CONVERSION" = "YES";
				"GCC_WARN_ABOUT_RETURN_TYPE" = "YES";
				"GCC_WARN_UNDECLARED_SELECTOR" = "YES";
				"GCC_WARN_UNINITIALIZED_AUTOS" = "YES";
				"GCC_WARN_UNUSED_FUNCTION" = "YES";
				"GCC_WARN_UNUSED_VARIABLE" = "YES";
				"STRING_CATALOG_GENERATE_SYMBOLS" = "YES";
				"SWIFT_OPTIMIZATION_LEVEL" = "-O";
				"DEBUG_INFORMATION_FORMAT" = "dwarf-with-dsym";
				"ONLY_ACTIVE_ARCH" = "NO";
				"SWIFT_COMPILATION_MODE" = "wholemodule";
			};
			"name" = "Release";
		};
		"247BF104A9AD002C539DA531" = {
			"isa" = "XCConfigurationList";
			"buildConfigurations" = (
				"877A6BA951A2EA0025A2ABE8",
				"959134B361DD7E21ADEA3164",
			);
			"defaultConfigurationIsVisible" = 0;
			"defaultConfigurationName" = "Release";
		};
		"2D315FF7E127B2B372DBEB6F" = {
			"isa" = "PBXBuildFile";
			"fileRef" = "E7B47918FDED853AF263CECA";
		};
		"25211B3F1B78A0A5E408DD79" = {
			"isa" = "PBXBuildFile";
			"fileRef" = "C1809F641ADF972B5E7AAA1C";
		};
		"215F866B208527E3F4FC64A3" = {
			"isa" = "PBXBuildFile";
			"fileRef" = "46DE3E1D92EDD51CE7D02F7D";
		};
		"78D6F1FCCDBDBBFE568644B2" = {
			"isa" = "PBXBuildFile";
			"fileRef" = "0FCED9FB4E2CA2BA1A82C715";
		};
		"725259CD0A2C01D6AA3DFFF8" = {
			"isa" = "PBXBuildFile";
			"fileRef" = "9CF4C7E4D26ABEC781A4A6D5";
		};
		"E38A0AF8334765F9EB9484D1" = {
			"isa" = "PBXBuildFile";
			"fileRef" = "A148F626F8925E4C4DCF6209";
		};
		"51745DB73FD3C7439C0A4F92" = {
			"isa" = "PBXBuildFile";
			"fileRef" = "364DA79B087F95EB95EF663B";
		};
		"C826A589ADF69312A27C49C0" = {
			"isa" = "PBXBuildFile";
			"fileRef" = "CDD844629F73EDDB8CBA552B";
		};
		"A35AEEA4C0A58AB2A6961667" = {
			"isa" = "PBXBuildFile";
			"fileRef" = "0393699B7688D3A4D0A4D7CD";
		};
		"B7AA025ADA0B52F49D55D5E3" = {
			"isa" = "PBXBuildFile";
			"fileRef" = "F33532D8794106084FA90CF7";
		};
		"AD16B0B62DB1915EE73A8A24" = {
			"isa" = "PBXBuildFile";
			"fileRef" = "A7DA5C6FDDB37A7628EC27C4";
		};
		"22878BDE017C62F13B8D62A5" = {
			"isa" = "PBXBuildFile";
			"fileRef" = "553D21358C2000E7D2D8CBD3";
		};
		"D9D9AE395E29F748CDD008B5" = {
			"isa" = "PBXBuildFile";
			"fileRef" = "2F96191F43AE56B6881F8A46";
		};
		"A345F0E1148104BBEAE960BC" = {
			"isa" = "PBXBuildFile";
			"fileRef" = "FBF7983180D06C9418762A45";
		};
		"F1F2CCD9DCF62FD1FAEF3977" = {
			"isa" = "PBXBuildFile";
			"fileRef" = "2ADE4CB8490B32FBE41F0C94";
		};
		"FF0E14AAAAAA8E09B4847F5B" = {
			"isa" = "PBXBuildFile";
			"fileRef" = "C3F3F21CA5F01B2FBC89EE1C";
		};
		"9624E632C303060EBF816E9A" = {
			"isa" = "PBXBuildFile";
			"fileRef" = "2E9EF5971B9C89D2F35705D4";
		};
		"C683522BAD9D0CC7A53C5C5B" = {
			"isa" = "PBXBuildFile";
			"fileRef" = "CCE1CF5021FE22EC88EFF875";
		};
		"820FC5200814EA5539B9B55F" = {
			"isa" = "PBXBuildFile";
			"fileRef" = "E690C7E94419F4BCE76FD5AA";
		};
		"B32D66D25E54000FC5BDBAFF" = {
			"isa" = "PBXBuildFile";
			"fileRef" = "CD8DDFE7AA5D742A41201473";
		};
		"6330290B271CFD1DC6AB007F" = {
			"isa" = "PBXBuildFile";
			"fileRef" = "6CC10E2E896DBD4EFB6D1545";
		};
		"D10ECEDA0FB53BA093BEC557" = {
			"isa" = "PBXSourcesBuildPhase";
			"buildActionMask" = 2147483647;
			"files" = (
				"2D315FF7E127B2B372DBEB6F",
				"25211B3F1B78A0A5E408DD79",
				"215F866B208527E3F4FC64A3",
				"78D6F1FCCDBDBBFE568644B2",
				"725259CD0A2C01D6AA3DFFF8",
				"E38A0AF8334765F9EB9484D1",
				"51745DB73FD3C7439C0A4F92",
				"C826A589ADF69312A27C49C0",
				"A35AEEA4C0A58AB2A6961667",
				"B7AA025ADA0B52F49D55D5E3",
				"AD16B0B62DB1915EE73A8A24",
				"22878BDE017C62F13B8D62A5",
				"D9D9AE395E29F748CDD008B5",
				"A345F0E1148104BBEAE960BC",
				"F1F2CCD9DCF62FD1FAEF3977",
				"FF0E14AAAAAA8E09B4847F5B",
				"9624E632C303060EBF816E9A",
				"C683522BAD9D0CC7A53C5C5B",
				"820FC5200814EA5539B9B55F",
				"B32D66D25E54000FC5BDBAFF",
				"6330290B271CFD1DC6AB007F",
			);
			"runOnlyForDeploymentPostprocessing" = 0;
		};
		"399D3ED797D4D364C3A6F038" = {
			"isa" = "XCSwiftPackageProductDependency";
			"package" = "E1823BFFAEB4E505466451C6";
			"productName" = "DailyRhythmCore";
		};
		"6D313E68398768A5D067586D" = {
			"isa" = "PBXBuildFile";
			"productRef" = "399D3ED797D4D364C3A6F038";
		};
		"C19A4328C9961E8F8A7CF4CD" = {
			"isa" = "PBXFrameworksBuildPhase";
			"buildActionMask" = 2147483647;
			"files" = (
				"6D313E68398768A5D067586D",
			);
			"runOnlyForDeploymentPostprocessing" = 0;
		};
		"33D765A91771EF8D69698F6E" = {
			"isa" = "PBXBuildFile";
			"fileRef" = "730238439602493911E6A54F";
		};
		"C84B5C31679C986BFD935BC6" = {
			"isa" = "PBXResourcesBuildPhase";
			"buildActionMask" = 2147483647;
			"files" = (
				"33D765A91771EF8D69698F6E",
			);
			"runOnlyForDeploymentPostprocessing" = 0;
		};
		"5457AB9FB521F7F7EF0268A3" = {
			"isa" = "PBXBuildFile";
			"fileRef" = "4C47665D1BA4105DF9684DC4";
			"settings" = {
				"ATTRIBUTES" = (
					"RemoveHeadersOnCopy",
				);
			};
		};
		"F0AB04EE052351C80F3286E9" = {
			"isa" = "PBXCopyFilesBuildPhase";
			"buildActionMask" = 2147483647;
			"dstPath" = "";
			"dstSubfolderSpec" = 13;
			"files" = (
				"5457AB9FB521F7F7EF0268A3",
			);
			"name" = "Embed Foundation Extensions";
			"runOnlyForDeploymentPostprocessing" = 0;
		};
		"0DD22CB6C2E8E29B0AF6C12D" = {
			"isa" = "PBXContainerItemProxy";
			"containerPortal" = "98F54143AB4E86B28C3AFEE0";
			"proxyType" = 1;
			"remoteGlobalIDString" = "A5A0AA9F4FB5BC8D9254438A";
			"remoteInfo" = "DailyRhythmWidgets";
		};
		"A4C80477431259D93FE11E57" = {
			"isa" = "PBXTargetDependency";
			"target" = "A5A0AA9F4FB5BC8D9254438A";
			"targetProxy" = "0DD22CB6C2E8E29B0AF6C12D";
		};
		"3CF6A4F2E05B3AAE7E2CBFEE" = {
			"isa" = "XCBuildConfiguration";
			"buildSettings" = {
				"PRODUCT_NAME" = "$(TARGET_NAME)";
				"PRODUCT_BUNDLE_IDENTIFIER" = "com.lumetechllc.DailyRhythm";
				"INFOPLIST_FILE" = "DailyRhythm/Info.plist";
				"GENERATE_INFOPLIST_FILE" = "NO";
				"CODE_SIGN_ENTITLEMENTS" = "DailyRhythm/DailyRhythm.entitlements";
				"LD_RUNPATH_SEARCH_PATHS" = (
					"$(inherited)",
					"@executable_path/Frameworks",
				);
				"SWIFT_OPTIMIZATION_LEVEL" = "-Onone";
				"DEBUG_INFORMATION_FORMAT" = "dwarf";
				"SWIFT_ACTIVE_COMPILATION_CONDITIONS" = "$(inherited) DEBUG";
				"ENABLE_TESTABILITY" = "YES";
			};
			"name" = "Debug";
		};
		"23FB2CAEB38545C3793097DD" = {
			"isa" = "XCBuildConfiguration";
			"buildSettings" = {
				"PRODUCT_NAME" = "$(TARGET_NAME)";
				"PRODUCT_BUNDLE_IDENTIFIER" = "com.lumetechllc.DailyRhythm";
				"INFOPLIST_FILE" = "DailyRhythm/Info.plist";
				"GENERATE_INFOPLIST_FILE" = "NO";
				"CODE_SIGN_ENTITLEMENTS" = "DailyRhythm/DailyRhythm.entitlements";
				"LD_RUNPATH_SEARCH_PATHS" = (
					"$(inherited)",
					"@executable_path/Frameworks",
				);
				"SWIFT_OPTIMIZATION_LEVEL" = "-O";
				"DEBUG_INFORMATION_FORMAT" = "dwarf-with-dsym";
			};
			"name" = "Release";
		};
		"9EA62D25DFD1EFBA21F6DE7B" = {
			"isa" = "XCConfigurationList";
			"buildConfigurations" = (
				"3CF6A4F2E05B3AAE7E2CBFEE",
				"23FB2CAEB38545C3793097DD",
			);
			"defaultConfigurationIsVisible" = 0;
			"defaultConfigurationName" = "Release";
		};
		"29C7B681C8D62CBAC94D51C0" = {
			"isa" = "PBXNativeTarget";
			"buildConfigurationList" = "9EA62D25DFD1EFBA21F6DE7B";
			"buildPhases" = (
				"D10ECEDA0FB53BA093BEC557",
				"C19A4328C9961E8F8A7CF4CD",
				"C84B5C31679C986BFD935BC6",
				"F0AB04EE052351C80F3286E9",
			);
			"buildRules" = (
			);
			"dependencies" = (
				"A4C80477431259D93FE11E57",
			);
			"name" = "DailyRhythm";
			"packageProductDependencies" = (
				"399D3ED797D4D364C3A6F038",
			);
			"productName" = "DailyRhythm";
			"productReference" = "B6CDB6E5D160E013280D3C68";
			"productType" = "com.apple.product-type.application";
		};
		"EF98A0AF765F777A5B634ED4" = {
			"isa" = "PBXBuildFile";
			"fileRef" = "10FA34F021C4DAE3C018E3F7";
		};
		"0473A5844D2880057E4D48EC" = {
			"isa" = "PBXBuildFile";
			"fileRef" = "04C8B4C0515FB7E7C907B3AF";
		};
		"57528A33D85966EAF85A4E8B" = {
			"isa" = "PBXBuildFile";
			"fileRef" = "2E9EF5971B9C89D2F35705D4";
		};
		"EAC044663E681631848B3275" = {
			"isa" = "PBXBuildFile";
			"fileRef" = "CCE1CF5021FE22EC88EFF875";
		};
		"4877872FD342F2ED30EA75CE" = {
			"isa" = "PBXBuildFile";
			"fileRef" = "E690C7E94419F4BCE76FD5AA";
		};
		"24104B55F51CCEF3A26A10C9" = {
			"isa" = "PBXBuildFile";
			"fileRef" = "CD8DDFE7AA5D742A41201473";
		};
		"A27BF1048A6A6B41AD85798B" = {
			"isa" = "PBXBuildFile";
			"fileRef" = "6CC10E2E896DBD4EFB6D1545";
		};
		"340B44853D0D58738451C8F7" = {
			"isa" = "PBXSourcesBuildPhase";
			"buildActionMask" = 2147483647;
			"files" = (
				"EF98A0AF765F777A5B634ED4",
				"0473A5844D2880057E4D48EC",
				"57528A33D85966EAF85A4E8B",
				"EAC044663E681631848B3275",
				"4877872FD342F2ED30EA75CE",
				"24104B55F51CCEF3A26A10C9",
				"A27BF1048A6A6B41AD85798B",
			);
			"runOnlyForDeploymentPostprocessing" = 0;
		};
		"D81ED5475FD8B9935BB109B0" = {
			"isa" = "XCSwiftPackageProductDependency";
			"package" = "E1823BFFAEB4E505466451C6";
			"productName" = "DailyRhythmCore";
		};
		"4694B7459FF8192999AD31BA" = {
			"isa" = "PBXBuildFile";
			"productRef" = "D81ED5475FD8B9935BB109B0";
		};
		"40D79F40A8593FA508DC545F" = {
			"isa" = "PBXFrameworksBuildPhase";
			"buildActionMask" = 2147483647;
			"files" = (
				"4694B7459FF8192999AD31BA",
			);
			"runOnlyForDeploymentPostprocessing" = 0;
		};
		"67AB0076115416EB5B7A8BC5" = {
			"isa" = "PBXBuildFile";
			"fileRef" = "730238439602493911E6A54F";
		};
		"44C1AF857B0FE8DD6E732654" = {
			"isa" = "PBXResourcesBuildPhase";
			"buildActionMask" = 2147483647;
			"files" = (
				"67AB0076115416EB5B7A8BC5",
			);
			"runOnlyForDeploymentPostprocessing" = 0;
		};
		"F4B7E5BA8E58CF01A465BB80" = {
			"isa" = "XCBuildConfiguration";
			"buildSettings" = {
				"PRODUCT_NAME" = "$(TARGET_NAME)";
				"PRODUCT_BUNDLE_IDENTIFIER" = "com.lumetechllc.DailyRhythm.Widgets";
				"INFOPLIST_FILE" = "DailyRhythmWidgets/Info.plist";
				"GENERATE_INFOPLIST_FILE" = "NO";
				"CODE_SIGN_ENTITLEMENTS" = "DailyRhythmWidgets/DailyRhythmWidgets.entitlements";
				"LD_RUNPATH_SEARCH_PATHS" = (
					"$(inherited)",
					"@executable_path/Frameworks",
					"@executable_path/../../Frameworks",
				);
				"APPLICATION_EXTENSION_API_ONLY" = "YES";
				"SKIP_INSTALL" = "YES";
				"SWIFT_ACTIVE_COMPILATION_CONDITIONS" = "$(inherited) WIDGET_EXTENSION DEBUG";
				"SWIFT_OPTIMIZATION_LEVEL" = "-Onone";
				"DEBUG_INFORMATION_FORMAT" = "dwarf";
				"ENABLE_TESTABILITY" = "YES";
			};
			"name" = "Debug";
		};
		"4EB605AD2E4EE7316ACCD6DD" = {
			"isa" = "XCBuildConfiguration";
			"buildSettings" = {
				"PRODUCT_NAME" = "$(TARGET_NAME)";
				"PRODUCT_BUNDLE_IDENTIFIER" = "com.lumetechllc.DailyRhythm.Widgets";
				"INFOPLIST_FILE" = "DailyRhythmWidgets/Info.plist";
				"GENERATE_INFOPLIST_FILE" = "NO";
				"CODE_SIGN_ENTITLEMENTS" = "DailyRhythmWidgets/DailyRhythmWidgets.entitlements";
				"LD_RUNPATH_SEARCH_PATHS" = (
					"$(inherited)",
					"@executable_path/Frameworks",
					"@executable_path/../../Frameworks",
				);
				"APPLICATION_EXTENSION_API_ONLY" = "YES";
				"SKIP_INSTALL" = "YES";
				"SWIFT_ACTIVE_COMPILATION_CONDITIONS" = "$(inherited) WIDGET_EXTENSION";
				"SWIFT_OPTIMIZATION_LEVEL" = "-O";
				"DEBUG_INFORMATION_FORMAT" = "dwarf-with-dsym";
			};
			"name" = "Release";
		};
		"5E733EA2C91A646BD263FFDF" = {
			"isa" = "XCConfigurationList";
			"buildConfigurations" = (
				"F4B7E5BA8E58CF01A465BB80",
				"4EB605AD2E4EE7316ACCD6DD",
			);
			"defaultConfigurationIsVisible" = 0;
			"defaultConfigurationName" = "Release";
		};
		"A5A0AA9F4FB5BC8D9254438A" = {
			"isa" = "PBXNativeTarget";
			"buildConfigurationList" = "5E733EA2C91A646BD263FFDF";
			"buildPhases" = (
				"340B44853D0D58738451C8F7",
				"40D79F40A8593FA508DC545F",
				"44C1AF857B0FE8DD6E732654",
			);
			"buildRules" = (
			);
			"dependencies" = (
			);
			"name" = "DailyRhythmWidgets";
			"packageProductDependencies" = (
				"D81ED5475FD8B9935BB109B0",
			);
			"productName" = "DailyRhythmWidgets";
			"productReference" = "4C47665D1BA4105DF9684DC4";
			"productType" = "com.apple.product-type.app-extension";
		};
		"80F9FE73EC0D402D9658FA9F" = {
			"isa" = "PBXBuildFile";
			"fileRef" = "A3849D3F517159EEAE7F5C65";
		};
		"2B391361F6776264B5640615" = {
			"isa" = "PBXSourcesBuildPhase";
			"buildActionMask" = 2147483647;
			"files" = (
				"80F9FE73EC0D402D9658FA9F",
			);
			"runOnlyForDeploymentPostprocessing" = 0;
		};
		"660F9D3634BF66738D1F529A" = {
			"isa" = "PBXFrameworksBuildPhase";
			"buildActionMask" = 2147483647;
			"files" = (
			);
			"runOnlyForDeploymentPostprocessing" = 0;
		};
		"CE7C9E248C0D84BC003318FD" = {
			"isa" = "PBXContainerItemProxy";
			"containerPortal" = "98F54143AB4E86B28C3AFEE0";
			"proxyType" = 1;
			"remoteGlobalIDString" = "29C7B681C8D62CBAC94D51C0";
			"remoteInfo" = "DailyRhythm";
		};
		"13B97D98C79DB286D2A819FF" = {
			"isa" = "PBXTargetDependency";
			"target" = "29C7B681C8D62CBAC94D51C0";
			"targetProxy" = "CE7C9E248C0D84BC003318FD";
		};
		"1B24FC2067592598FD7685DD" = {
			"isa" = "XCBuildConfiguration";
			"buildSettings" = {
				"PRODUCT_NAME" = "$(TARGET_NAME)";
				"PRODUCT_BUNDLE_IDENTIFIER" = "com.lumetechllc.DailyRhythm.SchemaTests";
				"GENERATE_INFOPLIST_FILE" = "YES";
				"TEST_TARGET_NAME" = "DailyRhythm";
				"IPHONEOS_DEPLOYMENT_TARGET" = "27.0";
				"SKIP_INSTALL" = "YES";
				"LD_RUNPATH_SEARCH_PATHS" = (
					"$(inherited)",
					"@executable_path/Frameworks",
					"@loader_path/Frameworks",
				);
				"SWIFT_OPTIMIZATION_LEVEL" = "-Onone";
				"DEBUG_INFORMATION_FORMAT" = "dwarf";
				"SWIFT_ACTIVE_COMPILATION_CONDITIONS" = "$(inherited) DEBUG";
				"ENABLE_TESTABILITY" = "YES";
			};
			"name" = "Debug";
		};
		"7C166028A41F958D67715266" = {
			"isa" = "XCBuildConfiguration";
			"buildSettings" = {
				"PRODUCT_NAME" = "$(TARGET_NAME)";
				"PRODUCT_BUNDLE_IDENTIFIER" = "com.lumetechllc.DailyRhythm.SchemaTests";
				"GENERATE_INFOPLIST_FILE" = "YES";
				"TEST_TARGET_NAME" = "DailyRhythm";
				"IPHONEOS_DEPLOYMENT_TARGET" = "27.0";
				"SKIP_INSTALL" = "YES";
				"LD_RUNPATH_SEARCH_PATHS" = (
					"$(inherited)",
					"@executable_path/Frameworks",
					"@loader_path/Frameworks",
				);
				"SWIFT_OPTIMIZATION_LEVEL" = "-O";
				"DEBUG_INFORMATION_FORMAT" = "dwarf-with-dsym";
			};
			"name" = "Release";
		};
		"F2A5EBC33E9E0DC45BC21826" = {
			"isa" = "XCConfigurationList";
			"buildConfigurations" = (
				"1B24FC2067592598FD7685DD",
				"7C166028A41F958D67715266",
			);
			"defaultConfigurationIsVisible" = 0;
			"defaultConfigurationName" = "Release";
		};
		"3725AC9D9E20F995764FDBED" = {
			"isa" = "PBXNativeTarget";
			"buildConfigurationList" = "F2A5EBC33E9E0DC45BC21826";
			"buildPhases" = (
				"2B391361F6776264B5640615",
				"660F9D3634BF66738D1F529A",
			);
			"buildRules" = (
			);
			"dependencies" = (
				"13B97D98C79DB286D2A819FF",
			);
			"name" = "DailyRhythmSchemaTests";
			"productName" = "DailyRhythmSchemaTests";
			"productReference" = "3BC8C52A4BF6E7EF5795BDA8";
			"productType" = "com.apple.product-type.bundle.ui-testing";
		};
		"98F54143AB4E86B28C3AFEE0" = {
			"isa" = "PBXProject";
			"attributes" = {
				"BuildIndependentTargetsInParallel" = "YES";
				"LastSwiftUpdateCheck" = "1600";
				"LastUpgradeCheck" = "2700";
				"TargetAttributes" = {
					"29C7B681C8D62CBAC94D51C0" = {
						"CreatedOnToolsVersion" = "16.0";
					};
					"A5A0AA9F4FB5BC8D9254438A" = {
						"CreatedOnToolsVersion" = "16.0";
					};
					"3725AC9D9E20F995764FDBED" = {
						"CreatedOnToolsVersion" = "16.0";
					};
				};
			};
			"buildConfigurationList" = "247BF104A9AD002C539DA531";
			"compatibilityVersion" = "Xcode 14.0";
			"developmentRegion" = "en";
			"hasScannedForEncodings" = 0;
			"knownRegions" = (
				"en",
				"Base",
			);
			"mainGroup" = "ADCF10F76EBF2A74473E9DC4";
			"packageReferences" = (
				"E1823BFFAEB4E505466451C6",
			);
			"productRefGroup" = "00C45FD35CB0F9C5F764F070";
			"projectDirPath" = "";
			"projectRoot" = "";
			"targets" = (
				"29C7B681C8D62CBAC94D51C0",
				"A5A0AA9F4FB5BC8D9254438A",
				"3725AC9D9E20F995764FDBED",
			);
		};
	};
	"rootObject" = "98F54143AB4E86B28C3AFEE0";
}
